
Microsoft Visual Studio Solution File, Format Version 12.00
# Visual Studio Version 16
VisualStudioVersion = 16.0.31729.503
MinimumVisualStudioVersion = 10.0.40219.1
Project("{FAE04EC0-301F-11D3-BF4B-00C04F79EFBC}") = "TopEkranı", "TopEkranı\TopEkranı.csproj", "{28C52E7C-0F72-4085-A9C0-F4888B525102}"
EndProject
Global
	GlobalSection(SolutionConfigurationPlatforms) = preSolution
		Debug|Any CPU = Debug|Any CPU
		Release|Any CPU = Release|Any CPU
	EndGlobalSection
	GlobalSection(ProjectConfigurationPlatforms) = postSolution
		{28C52E7C-0F72-4085-A9C0-F4888B525102}.Debug|Any CPU.ActiveCfg = Debug|Any CPU
		{28C52E7C-0F72-4085-A9C0-F4888B525102}.Debug|Any CPU.Build.0 = Debug|Any CPU
		{28C52E7C-0F72-4085-A9C0-F4888B525102}.Release|Any CPU.ActiveCfg = Release|Any CPU
		{28C52E7C-0F72-4085-A9C0-F4888B525102}.Release|Any CPU.Build.0 = Release|Any CPU
	EndGlobalSection
	GlobalSection(SolutionProperties) = preSolution
		HideSolutionNode = FALSE
	EndGlobalSection
	GlobalSection(ExtensibilityGlobals) = postSolution
		SolutionGuid = {6C6CDA27-6EF8-4EFF-AFFD-0836FE428326}
	EndGlobalSection
EndGlobal
